
Microsoft Visual Studio Solution File, Format Version 12.00
# Visual Studio Version 17
VisualStudioVersion = 17.0.31912.275
MinimumVisualStudioVersion = 10.0.40219.1
Project("{8BC9CEB8-8B4A-11D0-8D11-00A0C91BC942}") = "VRCLoader", "VRCLoader\VRCLoader.vcxproj", "{4A01315C-109C-469A-97DD-F9BD8A6DDED9}"
EndProject
Project("{FAE04EC0-301F-11D3-BF4B-00C04F79EFBC}") = "VRLoader", "VRLoader\VRLoader.csproj", "{CFE72319-45E3-4E7F-9635-C533C5D66DDF}"
EndProject
Project("{FAE04EC0-301F-11D3-BF4B-00C04F79EFBC}") = "InitManager", "InitManager\InitManager.csproj", "{BD30E606-227B-4C7E-A05B-46D04F293341}"
EndProject
Project("{FAE04EC0-301F-11D3-BF4B-00C04F79EFBC}") = "InitLoader", "InitLoader\InitLoader.csproj", "{521C29F7-645B-4F38-843B-0BBBE31059D6}"
EndProject
Project("{FAE04EC0-301F-11D3-BF4B-00C04F79EFBC}") = "BE4v", "BE4v\BE4v.csproj", "{48A98327-969A-4676-A7E7-6E8A3030F4DA}"
EndProject
Project("{FAE04EC0-301F-11D3-BF4B-00C04F79EFBC}") = "WebUploader", "WebUploader\WebUploader.csproj", "{643ADA23-A2FD-496A-AC9B-A54C02623549}"
EndProject
Project("{FAE04EC0-301F-11D3-BF4B-00C04F79EFBC}") = "VRCPhotonBots_BE4v", "VRCPhotonBots_BE4v\VRCPhotonBots_BE4v.csproj", "{DAB1C93F-0C85-4C24-A491-D82E51AC218C}"
EndProject
Global
	GlobalSection(SolutionConfigurationPlatforms) = preSolution
		Debug|Any CPU = Debug|Any CPU
		Debug|x64 = Debug|x64
		Release|Any CPU = Release|Any CPU
		Release|x64 = Release|x64
		ServerSdk-Debug|Any CPU = ServerSdk-Debug|Any CPU
		ServerSdk-Debug|x64 = ServerSdk-Debug|x64
		ServerSdk-Release|Any CPU = ServerSdk-Release|Any CPU
		ServerSdk-Release|x64 = ServerSdk-Release|x64
		Unity-Debug|Any CPU = Unity-Debug|Any CPU
		Unity-Debug|x64 = Unity-Debug|x64
		Unity-Release|Any CPU = Unity-Release|Any CPU
		Unity-Release|x64 = Unity-Release|x64
	EndGlobalSection
	GlobalSection(ProjectConfigurationPlatforms) = postSolution
		{4A01315C-109C-469A-97DD-F9BD8A6DDED9}.Debug|Any CPU.ActiveCfg = Debug|x64
		{4A01315C-109C-469A-97DD-F9BD8A6DDED9}.Debug|x64.ActiveCfg = Debug|x64
		{4A01315C-109C-469A-97DD-F9BD8A6DDED9}.Debug|x64.Build.0 = Debug|x64
		{4A01315C-109C-469A-97DD-F9BD8A6DDED9}.Release|Any CPU.ActiveCfg = Release|x64
		{4A01315C-109C-469A-97DD-F9BD8A6DDED9}.Release|Any CPU.Build.0 = Release|x64
		{4A01315C-109C-469A-97DD-F9BD8A6DDED9}.Release|x64.ActiveCfg = Release|x64
		{4A01315C-109C-469A-97DD-F9BD8A6DDED9}.Release|x64.Build.0 = Release|x64
		{4A01315C-109C-469A-97DD-F9BD8A6DDED9}.ServerSdk-Debug|Any CPU.ActiveCfg = Release|x64
		{4A01315C-109C-469A-97DD-F9BD8A6DDED9}.ServerSdk-Debug|Any CPU.Build.0 = Release|x64
		{4A01315C-109C-469A-97DD-F9BD8A6DDED9}.ServerSdk-Debug|x64.ActiveCfg = Debug|x64
		{4A01315C-109C-469A-97DD-F9BD8A6DDED9}.ServerSdk-Debug|x64.Build.0 = Debug|x64
		{4A01315C-109C-469A-97DD-F9BD8A6DDED9}.ServerSdk-Release|Any CPU.ActiveCfg = Release|x64
		{4A01315C-109C-469A-97DD-F9BD8A6DDED9}.ServerSdk-Release|Any CPU.Build.0 = Release|x64
		{4A01315C-109C-469A-97DD-F9BD8A6DDED9}.ServerSdk-Release|x64.ActiveCfg = Release|x64
		{4A01315C-109C-469A-97DD-F9BD8A6DDED9}.ServerSdk-Release|x64.Build.0 = Release|x64
		{4A01315C-109C-469A-97DD-F9BD8A6DDED9}.Unity-Debug|Any CPU.ActiveCfg = Release|x64
		{4A01315C-109C-469A-97DD-F9BD8A6DDED9}.Unity-Debug|Any CPU.Build.0 = Release|x64
		{4A01315C-109C-469A-97DD-F9BD8A6DDED9}.Unity-Debug|x64.ActiveCfg = Debug|x64
		{4A01315C-109C-469A-97DD-F9BD8A6DDED9}.Unity-Debug|x64.Build.0 = Debug|x64
		{4A01315C-109C-469A-97DD-F9BD8A6DDED9}.Unity-Release|Any CPU.ActiveCfg = Release|x64
		{4A01315C-109C-469A-97DD-F9BD8A6DDED9}.Unity-Release|Any CPU.Build.0 = Release|x64
		{4A01315C-109C-469A-97DD-F9BD8A6DDED9}.Unity-Release|x64.ActiveCfg = Release|x64
		{4A01315C-109C-469A-97DD-F9BD8A6DDED9}.Unity-Release|x64.Build.0 = Release|x64
		{CFE72319-45E3-4E7F-9635-C533C5D66DDF}.Debug|Any CPU.ActiveCfg = Debug|Any CPU
		{CFE72319-45E3-4E7F-9635-C533C5D66DDF}.Debug|x64.ActiveCfg = Debug|Any CPU
		{CFE72319-45E3-4E7F-9635-C533C5D66DDF}.Debug|x64.Build.0 = Debug|Any CPU
		{CFE72319-45E3-4E7F-9635-C533C5D66DDF}.Release|Any CPU.ActiveCfg = Release|Any CPU
		{CFE72319-45E3-4E7F-9635-C533C5D66DDF}.Release|Any CPU.Build.0 = Release|Any CPU
		{CFE72319-45E3-4E7F-9635-C533C5D66DDF}.Release|x64.ActiveCfg = Release|Any CPU
		{CFE72319-45E3-4E7F-9635-C533C5D66DDF}.Release|x64.Build.0 = Release|Any CPU
		{CFE72319-45E3-4E7F-9635-C533C5D66DDF}.ServerSdk-Debug|Any CPU.ActiveCfg = Debug|Any CPU
		{CFE72319-45E3-4E7F-9635-C533C5D66DDF}.ServerSdk-Debug|Any CPU.Build.0 = Debug|Any CPU
		{CFE72319-45E3-4E7F-9635-C533C5D66DDF}.ServerSdk-Debug|x64.ActiveCfg = Debug|Any CPU
		{CFE72319-45E3-4E7F-9635-C533C5D66DDF}.ServerSdk-Debug|x64.Build.0 = Debug|Any CPU
		{CFE72319-45E3-4E7F-9635-C533C5D66DDF}.ServerSdk-Release|Any CPU.ActiveCfg = Release|Any CPU
		{CFE72319-45E3-4E7F-9635-C533C5D66DDF}.ServerSdk-Release|Any CPU.Build.0 = Release|Any CPU
		{CFE72319-45E3-4E7F-9635-C533C5D66DDF}.ServerSdk-Release|x64.ActiveCfg = Release|Any CPU
		{CFE72319-45E3-4E7F-9635-C533C5D66DDF}.ServerSdk-Release|x64.Build.0 = Release|Any CPU
		{CFE72319-45E3-4E7F-9635-C533C5D66DDF}.Unity-Debug|Any CPU.ActiveCfg = Debug|Any CPU
		{CFE72319-45E3-4E7F-9635-C533C5D66DDF}.Unity-Debug|Any CPU.Build.0 = Debug|Any CPU
		{CFE72319-45E3-4E7F-9635-C533C5D66DDF}.Unity-Debug|x64.ActiveCfg = Debug|Any CPU
		{CFE72319-45E3-4E7F-9635-C533C5D66DDF}.Unity-Debug|x64.Build.0 = Debug|Any CPU
		{CFE72319-45E3-4E7F-9635-C533C5D66DDF}.Unity-Release|Any CPU.ActiveCfg = Release|Any CPU
		{CFE72319-45E3-4E7F-9635-C533C5D66DDF}.Unity-Release|Any CPU.Build.0 = Release|Any CPU
		{CFE72319-45E3-4E7F-9635-C533C5D66DDF}.Unity-Release|x64.ActiveCfg = Release|Any CPU
		{CFE72319-45E3-4E7F-9635-C533C5D66DDF}.Unity-Release|x64.Build.0 = Release|Any CPU
		{BD30E606-227B-4C7E-A05B-46D04F293341}.Debug|Any CPU.ActiveCfg = Debug|Any CPU
		{BD30E606-227B-4C7E-A05B-46D04F293341}.Debug|x64.ActiveCfg = Debug|Any CPU
		{BD30E606-227B-4C7E-A05B-46D04F293341}.Debug|x64.Build.0 = Debug|Any CPU
		{BD30E606-227B-4C7E-A05B-46D04F293341}.Release|Any CPU.ActiveCfg = Release|Any CPU
		{BD30E606-227B-4C7E-A05B-46D04F293341}.Release|Any CPU.Build.0 = Release|Any CPU
		{BD30E606-227B-4C7E-A05B-46D04F293341}.Release|x64.ActiveCfg = Release|Any CPU
		{BD30E606-227B-4C7E-A05B-46D04F293341}.Release|x64.Build.0 = Release|Any CPU
		{BD30E606-227B-4C7E-A05B-46D04F293341}.ServerSdk-Debug|Any CPU.ActiveCfg = Debug|Any CPU
		{BD30E606-227B-4C7E-A05B-46D04F293341}.ServerSdk-Debug|Any CPU.Build.0 = Debug|Any CPU
		{BD30E606-227B-4C7E-A05B-46D04F293341}.ServerSdk-Debug|x64.ActiveCfg = Debug|Any CPU
		{BD30E606-227B-4C7E-A05B-46D04F293341}.ServerSdk-Debug|x64.Build.0 = Debug|Any CPU
		{BD30E606-227B-4C7E-A05B-46D04F293341}.ServerSdk-Release|Any CPU.ActiveCfg = Release|Any CPU
		{BD30E606-227B-4C7E-A05B-46D04F293341}.ServerSdk-Release|Any CPU.Build.0 = Release|Any CPU
		{BD30E606-227B-4C7E-A05B-46D04F293341}.ServerSdk-Release|x64.ActiveCfg = Release|Any CPU
		{BD30E606-227B-4C7E-A05B-46D04F293341}.ServerSdk-Release|x64.Build.0 = Release|Any CPU
		{BD30E606-227B-4C7E-A05B-46D04F293341}.Unity-Debug|Any CPU.ActiveCfg = Debug|Any CPU
		{BD30E606-227B-4C7E-A05B-46D04F293341}.Unity-Debug|Any CPU.Build.0 = Debug|Any CPU
		{BD30E606-227B-4C7E-A05B-46D04F293341}.Unity-Debug|x64.ActiveCfg = Debug|Any CPU
		{BD30E606-227B-4C7E-A05B-46D04F293341}.Unity-Debug|x64.Build.0 = Debug|Any CPU
		{BD30E606-227B-4C7E-A05B-46D04F293341}.Unity-Release|Any CPU.ActiveCfg = Release|Any CPU
		{BD30E606-227B-4C7E-A05B-46D04F293341}.Unity-Release|Any CPU.Build.0 = Release|Any CPU
		{BD30E606-227B-4C7E-A05B-46D04F293341}.Unity-Release|x64.ActiveCfg = Release|Any CPU
		{BD30E606-227B-4C7E-A05B-46D04F293341}.Unity-Release|x64.Build.0 = Release|Any CPU
		{521C29F7-645B-4F38-843B-0BBBE31059D6}.Debug|Any CPU.ActiveCfg = Debug|Any CPU
		{521C29F7-645B-4F38-843B-0BBBE31059D6}.Debug|Any CPU.Build.0 = Debug|Any CPU
		{521C29F7-645B-4F38-843B-0BBBE31059D6}.Debug|x64.ActiveCfg = Debug|Any CPU
		{521C29F7-645B-4F38-843B-0BBBE31059D6}.Debug|x64.Build.0 = Debug|Any CPU
		{521C29F7-645B-4F38-843B-0BBBE31059D6}.Release|Any CPU.ActiveCfg = Release|Any CPU
		{521C29F7-645B-4F38-843B-0BBBE31059D6}.Release|Any CPU.Build.0 = Release|Any CPU
		{521C29F7-645B-4F38-843B-0BBBE31059D6}.Release|x64.ActiveCfg = Release|Any CPU
		{521C29F7-645B-4F38-843B-0BBBE31059D6}.Release|x64.Build.0 = Release|Any CPU
		{521C29F7-645B-4F38-843B-0BBBE31059D6}.ServerSdk-Debug|Any CPU.ActiveCfg = Debug|Any CPU
		{521C29F7-645B-4F38-843B-0BBBE31059D6}.ServerSdk-Debug|Any CPU.Build.0 = Debug|Any CPU
		{521C29F7-645B-4F38-843B-0BBBE31059D6}.ServerSdk-Debug|x64.ActiveCfg = Debug|Any CPU
		{521C29F7-645B-4F38-843B-0BBBE31059D6}.ServerSdk-Debug|x64.Build.0 = Debug|Any CPU
		{521C29F7-645B-4F38-843B-0BBBE31059D6}.ServerSdk-Release|Any CPU.ActiveCfg = Release|Any CPU
		{521C29F7-645B-4F38-843B-0BBBE31059D6}.ServerSdk-Release|Any CPU.Build.0 = Release|Any CPU
		{521C29F7-645B-4F38-843B-0BBBE31059D6}.ServerSdk-Release|x64.ActiveCfg = Release|Any CPU
		{521C29F7-645B-4F38-843B-0BBBE31059D6}.ServerSdk-Release|x64.Build.0 = Release|Any CPU
		{521C29F7-645B-4F38-843B-0BBBE31059D6}.Unity-Debug|Any CPU.ActiveCfg = Debug|Any CPU
		{521C29F7-645B-4F38-843B-0BBBE31059D6}.Unity-Debug|Any CPU.Build.0 = Debug|Any CPU
		{521C29F7-645B-4F38-843B-0BBBE31059D6}.Unity-Debug|x64.ActiveCfg = Debug|Any CPU
		{521C29F7-645B-4F38-843B-0BBBE31059D6}.Unity-Debug|x64.Build.0 = Debug|Any CPU
		{521C29F7-645B-4F38-843B-0BBBE31059D6}.Unity-Release|Any CPU.ActiveCfg = Release|Any CPU
		{521C29F7-645B-4F38-843B-0BBBE31059D6}.Unity-Release|Any CPU.Build.0 = Release|Any CPU
		{521C29F7-645B-4F38-843B-0BBBE31059D6}.Unity-Release|x64.ActiveCfg = Release|Any CPU
		{521C29F7-645B-4F38-843B-0BBBE31059D6}.Unity-Release|x64.Build.0 = Release|Any CPU
		{48A98327-969A-4676-A7E7-6E8A3030F4DA}.Debug|Any CPU.ActiveCfg = Debug|Any CPU
		{48A98327-969A-4676-A7E7-6E8A3030F4DA}.Debug|Any CPU.Build.0 = Debug|Any CPU
		{48A98327-969A-4676-A7E7-6E8A3030F4DA}.Debug|x64.ActiveCfg = Debug|Any CPU
		{48A98327-969A-4676-A7E7-6E8A3030F4DA}.Debug|x64.Build.0 = Debug|Any CPU
		{48A98327-969A-4676-A7E7-6E8A3030F4DA}.Release|Any CPU.ActiveCfg = Release|Any CPU
		{48A98327-969A-4676-A7E7-6E8A3030F4DA}.Release|Any CPU.Build.0 = Release|Any CPU
		{48A98327-969A-4676-A7E7-6E8A3030F4DA}.Release|x64.ActiveCfg = Release|Any CPU
		{48A98327-969A-4676-A7E7-6E8A3030F4DA}.Release|x64.Build.0 = Release|Any CPU
		{48A98327-969A-4676-A7E7-6E8A3030F4DA}.ServerSdk-Debug|Any CPU.ActiveCfg = Debug|Any CPU
		{48A98327-969A-4676-A7E7-6E8A3030F4DA}.ServerSdk-Debug|Any CPU.Build.0 = Debug|Any CPU
		{48A98327-969A-4676-A7E7-6E8A3030F4DA}.ServerSdk-Debug|x64.ActiveCfg = Debug|Any CPU
		{48A98327-969A-4676-A7E7-6E8A3030F4DA}.ServerSdk-Debug|x64.Build.0 = Debug|Any CPU
		{48A98327-969A-4676-A7E7-6E8A3030F4DA}.ServerSdk-Release|Any CPU.ActiveCfg = Release|Any CPU
		{48A98327-969A-4676-A7E7-6E8A3030F4DA}.ServerSdk-Release|Any CPU.Build.0 = Release|Any CPU
		{48A98327-969A-4676-A7E7-6E8A3030F4DA}.ServerSdk-Release|x64.ActiveCfg = Release|Any CPU
		{48A98327-969A-4676-A7E7-6E8A3030F4DA}.ServerSdk-Release|x64.Build.0 = Release|Any CPU
		{48A98327-969A-4676-A7E7-6E8A3030F4DA}.Unity-Debug|Any CPU.ActiveCfg = Debug|Any CPU
		{48A98327-969A-4676-A7E7-6E8A3030F4DA}.Unity-Debug|Any CPU.Build.0 = Debug|Any CPU
		{48A98327-969A-4676-A7E7-6E8A3030F4DA}.Unity-Debug|x64.ActiveCfg = Debug|Any CPU
		{48A98327-969A-4676-A7E7-6E8A3030F4DA}.Unity-Debug|x64.Build.0 = Debug|Any CPU
		{48A98327-969A-4676-A7E7-6E8A3030F4DA}.Unity-Release|Any CPU.ActiveCfg = Release|Any CPU
		{48A98327-969A-4676-A7E7-6E8A3030F4DA}.Unity-Release|Any CPU.Build.0 = Release|Any CPU
		{48A98327-969A-4676-A7E7-6E8A3030F4DA}.Unity-Release|x64.ActiveCfg = Release|Any CPU
		{48A98327-969A-4676-A7E7-6E8A3030F4DA}.Unity-Release|x64.Build.0 = Release|Any CPU
		{643ADA23-A2FD-496A-AC9B-A54C02623549}.Debug|Any CPU.ActiveCfg = Debug|Any CPU
		{643ADA23-A2FD-496A-AC9B-A54C02623549}.Debug|Any CPU.Build.0 = Debug|Any CPU
		{643ADA23-A2FD-496A-AC9B-A54C02623549}.Debug|x64.ActiveCfg = Debug|Any CPU
		{643ADA23-A2FD-496A-AC9B-A54C02623549}.Debug|x64.Build.0 = Debug|Any CPU
		{643ADA23-A2FD-496A-AC9B-A54C02623549}.Release|Any CPU.ActiveCfg = Release|Any CPU
		{643ADA23-A2FD-496A-AC9B-A54C02623549}.Release|Any CPU.Build.0 = Release|Any CPU
		{643ADA23-A2FD-496A-AC9B-A54C02623549}.Release|x64.ActiveCfg = Release|Any CPU
		{643ADA23-A2FD-496A-AC9B-A54C02623549}.Release|x64.Build.0 = Release|Any CPU
		{643ADA23-A2FD-496A-AC9B-A54C02623549}.ServerSdk-Debug|Any CPU.ActiveCfg = Debug|Any CPU
		{643ADA23-A2FD-496A-AC9B-A54C02623549}.ServerSdk-Debug|Any CPU.Build.0 = Debug|Any CPU
		{643ADA23-A2FD-496A-AC9B-A54C02623549}.ServerSdk-Debug|x64.ActiveCfg = Debug|Any CPU
		{643ADA23-A2FD-496A-AC9B-A54C02623549}.ServerSdk-Debug|x64.Build.0 = Debug|Any CPU
		{643ADA23-A2FD-496A-AC9B-A54C02623549}.ServerSdk-Release|Any CPU.ActiveCfg = Release|Any CPU
		{643ADA23-A2FD-496A-AC9B-A54C02623549}.ServerSdk-Release|Any CPU.Build.0 = Release|Any CPU
		{643ADA23-A2FD-496A-AC9B-A54C02623549}.ServerSdk-Release|x64.ActiveCfg = Release|Any CPU
		{643ADA23-A2FD-496A-AC9B-A54C02623549}.ServerSdk-Release|x64.Build.0 = Release|Any CPU
		{643ADA23-A2FD-496A-AC9B-A54C02623549}.Unity-Debug|Any CPU.ActiveCfg = Debug|Any CPU
		{643ADA23-A2FD-496A-AC9B-A54C02623549}.Unity-Debug|Any CPU.Build.0 = Debug|Any CPU
		{643ADA23-A2FD-496A-AC9B-A54C02623549}.Unity-Debug|x64.ActiveCfg = Debug|Any CPU
		{643ADA23-A2FD-496A-AC9B-A54C02623549}.Unity-Debug|x64.Build.0 = Debug|Any CPU
		{643ADA23-A2FD-496A-AC9B-A54C02623549}.Unity-Release|Any CPU.ActiveCfg = Release|Any CPU
		{643ADA23-A2FD-496A-AC9B-A54C02623549}.Unity-Release|Any CPU.Build.0 = Release|Any CPU
		{643ADA23-A2FD-496A-AC9B-A54C02623549}.Unity-Release|x64.ActiveCfg = Release|Any CPU
		{643ADA23-A2FD-496A-AC9B-A54C02623549}.Unity-Release|x64.Build.0 = Release|Any CPU
		{DAB1C93F-0C85-4C24-A491-D82E51AC218C}.Debug|Any CPU.ActiveCfg = Debug|Any CPU
		{DAB1C93F-0C85-4C24-A491-D82E51AC218C}.Debug|Any CPU.Build.0 = Debug|Any CPU
		{DAB1C93F-0C85-4C24-A491-D82E51AC218C}.Debug|x64.ActiveCfg = Debug|Any CPU
		{DAB1C93F-0C85-4C24-A491-D82E51AC218C}.Debug|x64.Build.0 = Debug|Any CPU
		{DAB1C93F-0C85-4C24-A491-D82E51AC218C}.Release|Any CPU.ActiveCfg = Release|Any CPU
		{DAB1C93F-0C85-4C24-A491-D82E51AC218C}.Release|Any CPU.Build.0 = Release|Any CPU
		{DAB1C93F-0C85-4C24-A491-D82E51AC218C}.Release|x64.ActiveCfg = Release|Any CPU
		{DAB1C93F-0C85-4C24-A491-D82E51AC218C}.Release|x64.Build.0 = Release|Any CPU
		{DAB1C93F-0C85-4C24-A491-D82E51AC218C}.ServerSdk-Debug|Any CPU.ActiveCfg = Debug|Any CPU
		{DAB1C93F-0C85-4C24-A491-D82E51AC218C}.ServerSdk-Debug|Any CPU.Build.0 = Debug|Any CPU
		{DAB1C93F-0C85-4C24-A491-D82E51AC218C}.ServerSdk-Debug|x64.ActiveCfg = Debug|Any CPU
		{DAB1C93F-0C85-4C24-A491-D82E51AC218C}.ServerSdk-Debug|x64.Build.0 = Debug|Any CPU
		{DAB1C93F-0C85-4C24-A491-D82E51AC218C}.ServerSdk-Release|Any CPU.ActiveCfg = Release|Any CPU
		{DAB1C93F-0C85-4C24-A491-D82E51AC218C}.ServerSdk-Release|Any CPU.Build.0 = Release|Any CPU
		{DAB1C93F-0C85-4C24-A491-D82E51AC218C}.ServerSdk-Release|x64.ActiveCfg = Release|Any CPU
		{DAB1C93F-0C85-4C24-A491-D82E51AC218C}.ServerSdk-Release|x64.Build.0 = Release|Any CPU
		{DAB1C93F-0C85-4C24-A491-D82E51AC218C}.Unity-Debug|Any CPU.ActiveCfg = Debug|Any CPU
		{DAB1C93F-0C85-4C24-A491-D82E51AC218C}.Unity-Debug|Any CPU.Build.0 = Debug|Any CPU
		{DAB1C93F-0C85-4C24-A491-D82E51AC218C}.Unity-Debug|x64.ActiveCfg = Debug|Any CPU
		{DAB1C93F-0C85-4C24-A491-D82E51AC218C}.Unity-Debug|x64.Build.0 = Debug|Any CPU
		{DAB1C93F-0C85-4C24-A491-D82E51AC218C}.Unity-Release|Any CPU.ActiveCfg = Release|Any CPU
		{DAB1C93F-0C85-4C24-A491-D82E51AC218C}.Unity-Release|Any CPU.Build.0 = Release|Any CPU
		{DAB1C93F-0C85-4C24-A491-D82E51AC218C}.Unity-Release|x64.ActiveCfg = Release|Any CPU
		{DAB1C93F-0C85-4C24-A491-D82E51AC218C}.Unity-Release|x64.Build.0 = Release|Any CPU
	EndGlobalSection
	GlobalSection(SolutionProperties) = preSolution
		HideSolutionNode = FALSE
	EndGlobalSection
	GlobalSection(ExtensibilityGlobals) = postSolution
		SolutionGuid = {51E7159A-795D-4D8F-92A8-BDF514650D02}
	EndGlobalSection
EndGlobal
