
Microsoft Visual Studio Solution File, Format Version 12.00
# Visual Studio Version 16
VisualStudioVersion = 16.0.28803.202
MinimumVisualStudioVersion = 10.0.40219.1
Project("{8BC9CEB8-8B4A-11D0-8D11-00A0C91BC942}") = "VRCLoader", "VRCLoader\VRCLoader.vcxproj", "{4A01315C-109C-469A-97DD-F9BD8A6DDED9}"
EndProject
Project("{FAE04EC0-301F-11D3-BF4B-00C04F79EFBC}") = "BlazeManager", "BlazeManager\BlazeManager.csproj", "{C4FBAE9A-9DFD-4FD8-AE24-E29F23753CA6}"
EndProject
Project("{FAE04EC0-301F-11D3-BF4B-00C04F79EFBC}") = "BlazeSDK", "BlazeSDK\BlazeSDK.csproj", "{6DF182B9-2619-4481-9606-3F20E01C547D}"
EndProject
Project("{9A19103F-16F7-4668-BE54-9A1E7A4F7556}") = "TheBotUI", "TheBotUI\TheBotUI.csproj", "{778BCBF6-94ED-49A3-860C-2B0C663923CC}"
EndProject
Project("{9A19103F-16F7-4668-BE54-9A1E7A4F7556}") = "TheBot", "TheBot\TheBot.csproj", "{9AED9EDC-C669-4461-8F64-AC8D39BDDDAB}"
EndProject
Project("{9A19103F-16F7-4668-BE54-9A1E7A4F7556}") = "PhotonLoadbalancingApi", "PhotonLoadbalancingApi\PhotonLoadbalancingApi.csproj", "{BF8F114A-04DC-4E74-A10A-F3AD64E08C21}"
EndProject
Project("{FAE04EC0-301F-11D3-BF4B-00C04F79EFBC}") = "BlazeObFus", "BlazeObFus\BlazeObFus.csproj", "{F45CBC25-0F9A-47DA-9F46-C8FEA9C4C85A}"
EndProject
Project("{FAE04EC0-301F-11D3-BF4B-00C04F79EFBC}") = "BlazeKeyGen", "BlazeKeyGen\BlazeKeyGen.csproj", "{FB7A4946-EF38-4144-A68A-F458F2591F25}"
EndProject
Project("{9A19103F-16F7-4668-BE54-9A1E7A4F7556}") = "dnlib", "dnlib\dnlib.csproj", "{B42656BF-CC05-4B7C-B8C8-D69B45E8B498}"
EndProject
Global
	GlobalSection(SolutionConfigurationPlatforms) = preSolution
		Debug|Any CPU = Debug|Any CPU
		Debug|x64 = Debug|x64
		Release|Any CPU = Release|Any CPU
		Release|x64 = Release|x64
		ServerSdk-Debug|Any CPU = ServerSdk-Debug|Any CPU
		ServerSdk-Debug|x64 = ServerSdk-Debug|x64
		ServerSdk-Release|Any CPU = ServerSdk-Release|Any CPU
		ServerSdk-Release|x64 = ServerSdk-Release|x64
		Unity-Debug|Any CPU = Unity-Debug|Any CPU
		Unity-Debug|x64 = Unity-Debug|x64
		Unity-Release|Any CPU = Unity-Release|Any CPU
		Unity-Release|x64 = Unity-Release|x64
	EndGlobalSection
	GlobalSection(ProjectConfigurationPlatforms) = postSolution
		{4A01315C-109C-469A-97DD-F9BD8A6DDED9}.Debug|Any CPU.ActiveCfg = Debug|x64
		{4A01315C-109C-469A-97DD-F9BD8A6DDED9}.Debug|x64.ActiveCfg = Debug|x64
		{4A01315C-109C-469A-97DD-F9BD8A6DDED9}.Debug|x64.Build.0 = Debug|x64
		{4A01315C-109C-469A-97DD-F9BD8A6DDED9}.Release|Any CPU.ActiveCfg = Release|x64
		{4A01315C-109C-469A-97DD-F9BD8A6DDED9}.Release|x64.ActiveCfg = Release|x64
		{4A01315C-109C-469A-97DD-F9BD8A6DDED9}.Release|x64.Build.0 = Release|x64
		{4A01315C-109C-469A-97DD-F9BD8A6DDED9}.ServerSdk-Debug|Any CPU.ActiveCfg = Release|x64
		{4A01315C-109C-469A-97DD-F9BD8A6DDED9}.ServerSdk-Debug|Any CPU.Build.0 = Release|x64
		{4A01315C-109C-469A-97DD-F9BD8A6DDED9}.ServerSdk-Debug|x64.ActiveCfg = Debug|x64
		{4A01315C-109C-469A-97DD-F9BD8A6DDED9}.ServerSdk-Debug|x64.Build.0 = Debug|x64
		{4A01315C-109C-469A-97DD-F9BD8A6DDED9}.ServerSdk-Release|Any CPU.ActiveCfg = Release|x64
		{4A01315C-109C-469A-97DD-F9BD8A6DDED9}.ServerSdk-Release|Any CPU.Build.0 = Release|x64
		{4A01315C-109C-469A-97DD-F9BD8A6DDED9}.ServerSdk-Release|x64.ActiveCfg = Release|x64
		{4A01315C-109C-469A-97DD-F9BD8A6DDED9}.ServerSdk-Release|x64.Build.0 = Release|x64
		{4A01315C-109C-469A-97DD-F9BD8A6DDED9}.Unity-Debug|Any CPU.ActiveCfg = Release|x64
		{4A01315C-109C-469A-97DD-F9BD8A6DDED9}.Unity-Debug|Any CPU.Build.0 = Release|x64
		{4A01315C-109C-469A-97DD-F9BD8A6DDED9}.Unity-Debug|x64.ActiveCfg = Debug|x64
		{4A01315C-109C-469A-97DD-F9BD8A6DDED9}.Unity-Debug|x64.Build.0 = Debug|x64
		{4A01315C-109C-469A-97DD-F9BD8A6DDED9}.Unity-Release|Any CPU.ActiveCfg = Release|x64
		{4A01315C-109C-469A-97DD-F9BD8A6DDED9}.Unity-Release|Any CPU.Build.0 = Release|x64
		{4A01315C-109C-469A-97DD-F9BD8A6DDED9}.Unity-Release|x64.ActiveCfg = Release|x64
		{4A01315C-109C-469A-97DD-F9BD8A6DDED9}.Unity-Release|x64.Build.0 = Release|x64
		{C4FBAE9A-9DFD-4FD8-AE24-E29F23753CA6}.Debug|Any CPU.ActiveCfg = Debug|Any CPU
		{C4FBAE9A-9DFD-4FD8-AE24-E29F23753CA6}.Debug|Any CPU.Build.0 = Debug|Any CPU
		{C4FBAE9A-9DFD-4FD8-AE24-E29F23753CA6}.Debug|x64.ActiveCfg = Debug|Any CPU
		{C4FBAE9A-9DFD-4FD8-AE24-E29F23753CA6}.Debug|x64.Build.0 = Debug|Any CPU
		{C4FBAE9A-9DFD-4FD8-AE24-E29F23753CA6}.Release|Any CPU.ActiveCfg = Release|Any CPU
		{C4FBAE9A-9DFD-4FD8-AE24-E29F23753CA6}.Release|Any CPU.Build.0 = Release|Any CPU
		{C4FBAE9A-9DFD-4FD8-AE24-E29F23753CA6}.Release|x64.ActiveCfg = Release|Any CPU
		{C4FBAE9A-9DFD-4FD8-AE24-E29F23753CA6}.Release|x64.Build.0 = Release|Any CPU
		{C4FBAE9A-9DFD-4FD8-AE24-E29F23753CA6}.ServerSdk-Debug|Any CPU.ActiveCfg = Debug|Any CPU
		{C4FBAE9A-9DFD-4FD8-AE24-E29F23753CA6}.ServerSdk-Debug|Any CPU.Build.0 = Debug|Any CPU
		{C4FBAE9A-9DFD-4FD8-AE24-E29F23753CA6}.ServerSdk-Debug|x64.ActiveCfg = Debug|Any CPU
		{C4FBAE9A-9DFD-4FD8-AE24-E29F23753CA6}.ServerSdk-Debug|x64.Build.0 = Debug|Any CPU
		{C4FBAE9A-9DFD-4FD8-AE24-E29F23753CA6}.ServerSdk-Release|Any CPU.ActiveCfg = Release|Any CPU
		{C4FBAE9A-9DFD-4FD8-AE24-E29F23753CA6}.ServerSdk-Release|Any CPU.Build.0 = Release|Any CPU
		{C4FBAE9A-9DFD-4FD8-AE24-E29F23753CA6}.ServerSdk-Release|x64.ActiveCfg = Release|Any CPU
		{C4FBAE9A-9DFD-4FD8-AE24-E29F23753CA6}.ServerSdk-Release|x64.Build.0 = Release|Any CPU
		{C4FBAE9A-9DFD-4FD8-AE24-E29F23753CA6}.Unity-Debug|Any CPU.ActiveCfg = Debug|Any CPU
		{C4FBAE9A-9DFD-4FD8-AE24-E29F23753CA6}.Unity-Debug|Any CPU.Build.0 = Debug|Any CPU
		{C4FBAE9A-9DFD-4FD8-AE24-E29F23753CA6}.Unity-Debug|x64.ActiveCfg = Debug|Any CPU
		{C4FBAE9A-9DFD-4FD8-AE24-E29F23753CA6}.Unity-Debug|x64.Build.0 = Debug|Any CPU
		{C4FBAE9A-9DFD-4FD8-AE24-E29F23753CA6}.Unity-Release|Any CPU.ActiveCfg = Release|Any CPU
		{C4FBAE9A-9DFD-4FD8-AE24-E29F23753CA6}.Unity-Release|Any CPU.Build.0 = Release|Any CPU
		{C4FBAE9A-9DFD-4FD8-AE24-E29F23753CA6}.Unity-Release|x64.ActiveCfg = Release|Any CPU
		{C4FBAE9A-9DFD-4FD8-AE24-E29F23753CA6}.Unity-Release|x64.Build.0 = Release|Any CPU
		{6DF182B9-2619-4481-9606-3F20E01C547D}.Debug|Any CPU.ActiveCfg = Debug|Any CPU
		{6DF182B9-2619-4481-9606-3F20E01C547D}.Debug|Any CPU.Build.0 = Debug|Any CPU
		{6DF182B9-2619-4481-9606-3F20E01C547D}.Debug|x64.ActiveCfg = Debug|Any CPU
		{6DF182B9-2619-4481-9606-3F20E01C547D}.Debug|x64.Build.0 = Debug|Any CPU
		{6DF182B9-2619-4481-9606-3F20E01C547D}.Release|Any CPU.ActiveCfg = Release|Any CPU
		{6DF182B9-2619-4481-9606-3F20E01C547D}.Release|Any CPU.Build.0 = Release|Any CPU
		{6DF182B9-2619-4481-9606-3F20E01C547D}.Release|x64.ActiveCfg = Release|Any CPU
		{6DF182B9-2619-4481-9606-3F20E01C547D}.Release|x64.Build.0 = Release|Any CPU
		{6DF182B9-2619-4481-9606-3F20E01C547D}.ServerSdk-Debug|Any CPU.ActiveCfg = Debug|Any CPU
		{6DF182B9-2619-4481-9606-3F20E01C547D}.ServerSdk-Debug|Any CPU.Build.0 = Debug|Any CPU
		{6DF182B9-2619-4481-9606-3F20E01C547D}.ServerSdk-Debug|x64.ActiveCfg = Debug|Any CPU
		{6DF182B9-2619-4481-9606-3F20E01C547D}.ServerSdk-Debug|x64.Build.0 = Debug|Any CPU
		{6DF182B9-2619-4481-9606-3F20E01C547D}.ServerSdk-Release|Any CPU.ActiveCfg = Release|Any CPU
		{6DF182B9-2619-4481-9606-3F20E01C547D}.ServerSdk-Release|Any CPU.Build.0 = Release|Any CPU
		{6DF182B9-2619-4481-9606-3F20E01C547D}.ServerSdk-Release|x64.ActiveCfg = Release|Any CPU
		{6DF182B9-2619-4481-9606-3F20E01C547D}.ServerSdk-Release|x64.Build.0 = Release|Any CPU
		{6DF182B9-2619-4481-9606-3F20E01C547D}.Unity-Debug|Any CPU.ActiveCfg = Debug|Any CPU
		{6DF182B9-2619-4481-9606-3F20E01C547D}.Unity-Debug|Any CPU.Build.0 = Debug|Any CPU
		{6DF182B9-2619-4481-9606-3F20E01C547D}.Unity-Debug|x64.ActiveCfg = Debug|Any CPU
		{6DF182B9-2619-4481-9606-3F20E01C547D}.Unity-Debug|x64.Build.0 = Debug|Any CPU
		{6DF182B9-2619-4481-9606-3F20E01C547D}.Unity-Release|Any CPU.ActiveCfg = Release|Any CPU
		{6DF182B9-2619-4481-9606-3F20E01C547D}.Unity-Release|Any CPU.Build.0 = Release|Any CPU
		{6DF182B9-2619-4481-9606-3F20E01C547D}.Unity-Release|x64.ActiveCfg = Release|Any CPU
		{6DF182B9-2619-4481-9606-3F20E01C547D}.Unity-Release|x64.Build.0 = Release|Any CPU
		{778BCBF6-94ED-49A3-860C-2B0C663923CC}.Debug|Any CPU.ActiveCfg = Debug|Any CPU
		{778BCBF6-94ED-49A3-860C-2B0C663923CC}.Debug|x64.ActiveCfg = Debug|x64
		{778BCBF6-94ED-49A3-860C-2B0C663923CC}.Debug|x64.Build.0 = Debug|x64
		{778BCBF6-94ED-49A3-860C-2B0C663923CC}.Release|Any CPU.ActiveCfg = Release|Any CPU
		{778BCBF6-94ED-49A3-860C-2B0C663923CC}.Release|x64.ActiveCfg = Release|x64
		{778BCBF6-94ED-49A3-860C-2B0C663923CC}.Release|x64.Build.0 = Release|x64
		{778BCBF6-94ED-49A3-860C-2B0C663923CC}.ServerSdk-Debug|Any CPU.ActiveCfg = Debug|Any CPU
		{778BCBF6-94ED-49A3-860C-2B0C663923CC}.ServerSdk-Debug|Any CPU.Build.0 = Debug|Any CPU
		{778BCBF6-94ED-49A3-860C-2B0C663923CC}.ServerSdk-Debug|x64.ActiveCfg = Debug|x64
		{778BCBF6-94ED-49A3-860C-2B0C663923CC}.ServerSdk-Debug|x64.Build.0 = Debug|x64
		{778BCBF6-94ED-49A3-860C-2B0C663923CC}.ServerSdk-Release|Any CPU.ActiveCfg = Release|Any CPU
		{778BCBF6-94ED-49A3-860C-2B0C663923CC}.ServerSdk-Release|Any CPU.Build.0 = Release|Any CPU
		{778BCBF6-94ED-49A3-860C-2B0C663923CC}.ServerSdk-Release|x64.ActiveCfg = Release|x64
		{778BCBF6-94ED-49A3-860C-2B0C663923CC}.ServerSdk-Release|x64.Build.0 = Release|x64
		{778BCBF6-94ED-49A3-860C-2B0C663923CC}.Unity-Debug|Any CPU.ActiveCfg = Debug|Any CPU
		{778BCBF6-94ED-49A3-860C-2B0C663923CC}.Unity-Debug|Any CPU.Build.0 = Debug|Any CPU
		{778BCBF6-94ED-49A3-860C-2B0C663923CC}.Unity-Debug|x64.ActiveCfg = Debug|x64
		{778BCBF6-94ED-49A3-860C-2B0C663923CC}.Unity-Debug|x64.Build.0 = Debug|x64
		{778BCBF6-94ED-49A3-860C-2B0C663923CC}.Unity-Release|Any CPU.ActiveCfg = Release|Any CPU
		{778BCBF6-94ED-49A3-860C-2B0C663923CC}.Unity-Release|Any CPU.Build.0 = Release|Any CPU
		{778BCBF6-94ED-49A3-860C-2B0C663923CC}.Unity-Release|x64.ActiveCfg = Release|x64
		{778BCBF6-94ED-49A3-860C-2B0C663923CC}.Unity-Release|x64.Build.0 = Release|x64
		{9AED9EDC-C669-4461-8F64-AC8D39BDDDAB}.Debug|Any CPU.ActiveCfg = Debug|Any CPU
		{9AED9EDC-C669-4461-8F64-AC8D39BDDDAB}.Debug|x64.ActiveCfg = Debug|x64
		{9AED9EDC-C669-4461-8F64-AC8D39BDDDAB}.Debug|x64.Build.0 = Debug|x64
		{9AED9EDC-C669-4461-8F64-AC8D39BDDDAB}.Release|Any CPU.ActiveCfg = Release|Any CPU
		{9AED9EDC-C669-4461-8F64-AC8D39BDDDAB}.Release|x64.ActiveCfg = Release|x64
		{9AED9EDC-C669-4461-8F64-AC8D39BDDDAB}.Release|x64.Build.0 = Release|x64
		{9AED9EDC-C669-4461-8F64-AC8D39BDDDAB}.ServerSdk-Debug|Any CPU.ActiveCfg = Debug|Any CPU
		{9AED9EDC-C669-4461-8F64-AC8D39BDDDAB}.ServerSdk-Debug|Any CPU.Build.0 = Debug|Any CPU
		{9AED9EDC-C669-4461-8F64-AC8D39BDDDAB}.ServerSdk-Debug|x64.ActiveCfg = Debug|x64
		{9AED9EDC-C669-4461-8F64-AC8D39BDDDAB}.ServerSdk-Debug|x64.Build.0 = Debug|x64
		{9AED9EDC-C669-4461-8F64-AC8D39BDDDAB}.ServerSdk-Release|Any CPU.ActiveCfg = Release|Any CPU
		{9AED9EDC-C669-4461-8F64-AC8D39BDDDAB}.ServerSdk-Release|Any CPU.Build.0 = Release|Any CPU
		{9AED9EDC-C669-4461-8F64-AC8D39BDDDAB}.ServerSdk-Release|x64.ActiveCfg = Release|x64
		{9AED9EDC-C669-4461-8F64-AC8D39BDDDAB}.ServerSdk-Release|x64.Build.0 = Release|x64
		{9AED9EDC-C669-4461-8F64-AC8D39BDDDAB}.Unity-Debug|Any CPU.ActiveCfg = Debug|Any CPU
		{9AED9EDC-C669-4461-8F64-AC8D39BDDDAB}.Unity-Debug|Any CPU.Build.0 = Debug|Any CPU
		{9AED9EDC-C669-4461-8F64-AC8D39BDDDAB}.Unity-Debug|x64.ActiveCfg = Debug|x64
		{9AED9EDC-C669-4461-8F64-AC8D39BDDDAB}.Unity-Debug|x64.Build.0 = Debug|x64
		{9AED9EDC-C669-4461-8F64-AC8D39BDDDAB}.Unity-Release|Any CPU.ActiveCfg = Release|Any CPU
		{9AED9EDC-C669-4461-8F64-AC8D39BDDDAB}.Unity-Release|Any CPU.Build.0 = Release|Any CPU
		{9AED9EDC-C669-4461-8F64-AC8D39BDDDAB}.Unity-Release|x64.ActiveCfg = Release|x64
		{9AED9EDC-C669-4461-8F64-AC8D39BDDDAB}.Unity-Release|x64.Build.0 = Release|x64
		{BF8F114A-04DC-4E74-A10A-F3AD64E08C21}.Debug|Any CPU.ActiveCfg = Debug|Any CPU
		{BF8F114A-04DC-4E74-A10A-F3AD64E08C21}.Debug|x64.ActiveCfg = Debug|Any CPU
		{BF8F114A-04DC-4E74-A10A-F3AD64E08C21}.Debug|x64.Build.0 = Debug|Any CPU
		{BF8F114A-04DC-4E74-A10A-F3AD64E08C21}.Release|Any CPU.ActiveCfg = Release|Any CPU
		{BF8F114A-04DC-4E74-A10A-F3AD64E08C21}.Release|x64.ActiveCfg = Release|Any CPU
		{BF8F114A-04DC-4E74-A10A-F3AD64E08C21}.Release|x64.Build.0 = Release|Any CPU
		{BF8F114A-04DC-4E74-A10A-F3AD64E08C21}.ServerSdk-Debug|Any CPU.ActiveCfg = ServerSdk-Debug|Any CPU
		{BF8F114A-04DC-4E74-A10A-F3AD64E08C21}.ServerSdk-Debug|Any CPU.Build.0 = ServerSdk-Debug|Any CPU
		{BF8F114A-04DC-4E74-A10A-F3AD64E08C21}.ServerSdk-Debug|x64.ActiveCfg = ServerSdk-Debug|Any CPU
		{BF8F114A-04DC-4E74-A10A-F3AD64E08C21}.ServerSdk-Debug|x64.Build.0 = ServerSdk-Debug|Any CPU
		{BF8F114A-04DC-4E74-A10A-F3AD64E08C21}.ServerSdk-Release|Any CPU.ActiveCfg = ServerSdk-Release|Any CPU
		{BF8F114A-04DC-4E74-A10A-F3AD64E08C21}.ServerSdk-Release|Any CPU.Build.0 = ServerSdk-Release|Any CPU
		{BF8F114A-04DC-4E74-A10A-F3AD64E08C21}.ServerSdk-Release|x64.ActiveCfg = ServerSdk-Release|Any CPU
		{BF8F114A-04DC-4E74-A10A-F3AD64E08C21}.ServerSdk-Release|x64.Build.0 = ServerSdk-Release|Any CPU
		{BF8F114A-04DC-4E74-A10A-F3AD64E08C21}.Unity-Debug|Any CPU.ActiveCfg = Unity-Debug|Any CPU
		{BF8F114A-04DC-4E74-A10A-F3AD64E08C21}.Unity-Debug|Any CPU.Build.0 = Unity-Debug|Any CPU
		{BF8F114A-04DC-4E74-A10A-F3AD64E08C21}.Unity-Debug|x64.ActiveCfg = Unity-Debug|Any CPU
		{BF8F114A-04DC-4E74-A10A-F3AD64E08C21}.Unity-Debug|x64.Build.0 = Unity-Debug|Any CPU
		{BF8F114A-04DC-4E74-A10A-F3AD64E08C21}.Unity-Release|Any CPU.ActiveCfg = Unity-Release|Any CPU
		{BF8F114A-04DC-4E74-A10A-F3AD64E08C21}.Unity-Release|Any CPU.Build.0 = Unity-Release|Any CPU
		{BF8F114A-04DC-4E74-A10A-F3AD64E08C21}.Unity-Release|x64.ActiveCfg = Unity-Release|Any CPU
		{BF8F114A-04DC-4E74-A10A-F3AD64E08C21}.Unity-Release|x64.Build.0 = Unity-Release|Any CPU
		{F45CBC25-0F9A-47DA-9F46-C8FEA9C4C85A}.Debug|Any CPU.ActiveCfg = Debug|Any CPU
		{F45CBC25-0F9A-47DA-9F46-C8FEA9C4C85A}.Debug|Any CPU.Build.0 = Debug|Any CPU
		{F45CBC25-0F9A-47DA-9F46-C8FEA9C4C85A}.Debug|x64.ActiveCfg = Debug|Any CPU
		{F45CBC25-0F9A-47DA-9F46-C8FEA9C4C85A}.Debug|x64.Build.0 = Debug|Any CPU
		{F45CBC25-0F9A-47DA-9F46-C8FEA9C4C85A}.Release|Any CPU.ActiveCfg = Release|Any CPU
		{F45CBC25-0F9A-47DA-9F46-C8FEA9C4C85A}.Release|Any CPU.Build.0 = Release|Any CPU
		{F45CBC25-0F9A-47DA-9F46-C8FEA9C4C85A}.Release|x64.ActiveCfg = Release|Any CPU
		{F45CBC25-0F9A-47DA-9F46-C8FEA9C4C85A}.Release|x64.Build.0 = Release|Any CPU
		{F45CBC25-0F9A-47DA-9F46-C8FEA9C4C85A}.ServerSdk-Debug|Any CPU.ActiveCfg = Debug|Any CPU
		{F45CBC25-0F9A-47DA-9F46-C8FEA9C4C85A}.ServerSdk-Debug|Any CPU.Build.0 = Debug|Any CPU
		{F45CBC25-0F9A-47DA-9F46-C8FEA9C4C85A}.ServerSdk-Debug|x64.ActiveCfg = Debug|Any CPU
		{F45CBC25-0F9A-47DA-9F46-C8FEA9C4C85A}.ServerSdk-Debug|x64.Build.0 = Debug|Any CPU
		{F45CBC25-0F9A-47DA-9F46-C8FEA9C4C85A}.ServerSdk-Release|Any CPU.ActiveCfg = Release|Any CPU
		{F45CBC25-0F9A-47DA-9F46-C8FEA9C4C85A}.ServerSdk-Release|Any CPU.Build.0 = Release|Any CPU
		{F45CBC25-0F9A-47DA-9F46-C8FEA9C4C85A}.ServerSdk-Release|x64.ActiveCfg = Release|Any CPU
		{F45CBC25-0F9A-47DA-9F46-C8FEA9C4C85A}.ServerSdk-Release|x64.Build.0 = Release|Any CPU
		{F45CBC25-0F9A-47DA-9F46-C8FEA9C4C85A}.Unity-Debug|Any CPU.ActiveCfg = Debug|Any CPU
		{F45CBC25-0F9A-47DA-9F46-C8FEA9C4C85A}.Unity-Debug|Any CPU.Build.0 = Debug|Any CPU
		{F45CBC25-0F9A-47DA-9F46-C8FEA9C4C85A}.Unity-Debug|x64.ActiveCfg = Debug|Any CPU
		{F45CBC25-0F9A-47DA-9F46-C8FEA9C4C85A}.Unity-Debug|x64.Build.0 = Debug|Any CPU
		{F45CBC25-0F9A-47DA-9F46-C8FEA9C4C85A}.Unity-Release|Any CPU.ActiveCfg = Release|Any CPU
		{F45CBC25-0F9A-47DA-9F46-C8FEA9C4C85A}.Unity-Release|Any CPU.Build.0 = Release|Any CPU
		{F45CBC25-0F9A-47DA-9F46-C8FEA9C4C85A}.Unity-Release|x64.ActiveCfg = Release|Any CPU
		{F45CBC25-0F9A-47DA-9F46-C8FEA9C4C85A}.Unity-Release|x64.Build.0 = Release|Any CPU
		{FB7A4946-EF38-4144-A68A-F458F2591F25}.Debug|Any CPU.ActiveCfg = Debug|Any CPU
		{FB7A4946-EF38-4144-A68A-F458F2591F25}.Debug|Any CPU.Build.0 = Debug|Any CPU
		{FB7A4946-EF38-4144-A68A-F458F2591F25}.Debug|x64.ActiveCfg = Debug|Any CPU
		{FB7A4946-EF38-4144-A68A-F458F2591F25}.Debug|x64.Build.0 = Debug|Any CPU
		{FB7A4946-EF38-4144-A68A-F458F2591F25}.Release|Any CPU.ActiveCfg = Release|Any CPU
		{FB7A4946-EF38-4144-A68A-F458F2591F25}.Release|Any CPU.Build.0 = Release|Any CPU
		{FB7A4946-EF38-4144-A68A-F458F2591F25}.Release|x64.ActiveCfg = Release|Any CPU
		{FB7A4946-EF38-4144-A68A-F458F2591F25}.Release|x64.Build.0 = Release|Any CPU
		{FB7A4946-EF38-4144-A68A-F458F2591F25}.ServerSdk-Debug|Any CPU.ActiveCfg = Debug|Any CPU
		{FB7A4946-EF38-4144-A68A-F458F2591F25}.ServerSdk-Debug|Any CPU.Build.0 = Debug|Any CPU
		{FB7A4946-EF38-4144-A68A-F458F2591F25}.ServerSdk-Debug|x64.ActiveCfg = Debug|Any CPU
		{FB7A4946-EF38-4144-A68A-F458F2591F25}.ServerSdk-Debug|x64.Build.0 = Debug|Any CPU
		{FB7A4946-EF38-4144-A68A-F458F2591F25}.ServerSdk-Release|Any CPU.ActiveCfg = Release|Any CPU
		{FB7A4946-EF38-4144-A68A-F458F2591F25}.ServerSdk-Release|Any CPU.Build.0 = Release|Any CPU
		{FB7A4946-EF38-4144-A68A-F458F2591F25}.ServerSdk-Release|x64.ActiveCfg = Release|Any CPU
		{FB7A4946-EF38-4144-A68A-F458F2591F25}.ServerSdk-Release|x64.Build.0 = Release|Any CPU
		{FB7A4946-EF38-4144-A68A-F458F2591F25}.Unity-Debug|Any CPU.ActiveCfg = Debug|Any CPU
		{FB7A4946-EF38-4144-A68A-F458F2591F25}.Unity-Debug|Any CPU.Build.0 = Debug|Any CPU
		{FB7A4946-EF38-4144-A68A-F458F2591F25}.Unity-Debug|x64.ActiveCfg = Debug|Any CPU
		{FB7A4946-EF38-4144-A68A-F458F2591F25}.Unity-Debug|x64.Build.0 = Debug|Any CPU
		{FB7A4946-EF38-4144-A68A-F458F2591F25}.Unity-Release|Any CPU.ActiveCfg = Release|Any CPU
		{FB7A4946-EF38-4144-A68A-F458F2591F25}.Unity-Release|Any CPU.Build.0 = Release|Any CPU
		{FB7A4946-EF38-4144-A68A-F458F2591F25}.Unity-Release|x64.ActiveCfg = Release|Any CPU
		{FB7A4946-EF38-4144-A68A-F458F2591F25}.Unity-Release|x64.Build.0 = Release|Any CPU
		{B42656BF-CC05-4B7C-B8C8-D69B45E8B498}.Debug|Any CPU.ActiveCfg = Debug|Any CPU
		{B42656BF-CC05-4B7C-B8C8-D69B45E8B498}.Debug|Any CPU.Build.0 = Debug|Any CPU
		{B42656BF-CC05-4B7C-B8C8-D69B45E8B498}.Debug|x64.ActiveCfg = Debug|Any CPU
		{B42656BF-CC05-4B7C-B8C8-D69B45E8B498}.Debug|x64.Build.0 = Debug|Any CPU
		{B42656BF-CC05-4B7C-B8C8-D69B45E8B498}.Release|Any CPU.ActiveCfg = Release|Any CPU
		{B42656BF-CC05-4B7C-B8C8-D69B45E8B498}.Release|Any CPU.Build.0 = Release|Any CPU
		{B42656BF-CC05-4B7C-B8C8-D69B45E8B498}.Release|x64.ActiveCfg = Release|Any CPU
		{B42656BF-CC05-4B7C-B8C8-D69B45E8B498}.Release|x64.Build.0 = Release|Any CPU
		{B42656BF-CC05-4B7C-B8C8-D69B45E8B498}.ServerSdk-Debug|Any CPU.ActiveCfg = Debug|Any CPU
		{B42656BF-CC05-4B7C-B8C8-D69B45E8B498}.ServerSdk-Debug|Any CPU.Build.0 = Debug|Any CPU
		{B42656BF-CC05-4B7C-B8C8-D69B45E8B498}.ServerSdk-Debug|x64.ActiveCfg = Debug|Any CPU
		{B42656BF-CC05-4B7C-B8C8-D69B45E8B498}.ServerSdk-Debug|x64.Build.0 = Debug|Any CPU
		{B42656BF-CC05-4B7C-B8C8-D69B45E8B498}.ServerSdk-Release|Any CPU.ActiveCfg = Release|Any CPU
		{B42656BF-CC05-4B7C-B8C8-D69B45E8B498}.ServerSdk-Release|Any CPU.Build.0 = Release|Any CPU
		{B42656BF-CC05-4B7C-B8C8-D69B45E8B498}.ServerSdk-Release|x64.ActiveCfg = Release|Any CPU
		{B42656BF-CC05-4B7C-B8C8-D69B45E8B498}.ServerSdk-Release|x64.Build.0 = Release|Any CPU
		{B42656BF-CC05-4B7C-B8C8-D69B45E8B498}.Unity-Debug|Any CPU.ActiveCfg = Debug|Any CPU
		{B42656BF-CC05-4B7C-B8C8-D69B45E8B498}.Unity-Debug|Any CPU.Build.0 = Debug|Any CPU
		{B42656BF-CC05-4B7C-B8C8-D69B45E8B498}.Unity-Debug|x64.ActiveCfg = Debug|Any CPU
		{B42656BF-CC05-4B7C-B8C8-D69B45E8B498}.Unity-Debug|x64.Build.0 = Debug|Any CPU
		{B42656BF-CC05-4B7C-B8C8-D69B45E8B498}.Unity-Release|Any CPU.ActiveCfg = Release|Any CPU
		{B42656BF-CC05-4B7C-B8C8-D69B45E8B498}.Unity-Release|Any CPU.Build.0 = Release|Any CPU
		{B42656BF-CC05-4B7C-B8C8-D69B45E8B498}.Unity-Release|x64.ActiveCfg = Release|Any CPU
		{B42656BF-CC05-4B7C-B8C8-D69B45E8B498}.Unity-Release|x64.Build.0 = Release|Any CPU
	EndGlobalSection
	GlobalSection(SolutionProperties) = preSolution
		HideSolutionNode = FALSE
	EndGlobalSection
	GlobalSection(ExtensibilityGlobals) = postSolution
		SolutionGuid = {51E7159A-795D-4D8F-92A8-BDF514650D02}
	EndGlobalSection
EndGlobal
